
Microsoft Visual Studio Solution File, Format Version 12.00
# Visual Studio Version 17
VisualStudioVersion = 17.2.32630.192
MinimumVisualStudioVersion = 10.0.40219.1
Project("{9A19103F-16F7-4668-BE54-9A1E7A4F7556}") = "DictionaryAndProperties", "DictionaryAndProperties\DictionaryAndProperties.csproj", "{09CDE4AD-38A9-467B-9B4D-2BC0941C0E28}"
EndProject
Project("{FAE04EC0-301F-11D3-BF4B-00C04F79EFBC}") = "DictionaryTests", "DictionaryTests\DictionaryTests.csproj", "{A4672811-0872-4899-9101-11645F16078D}"
EndProject
Global
	GlobalSection(SolutionConfigurationPlatforms) = preSolution
		Debug|Any CPU = Debug|Any CPU
		Release|Any CPU = Release|Any CPU
	EndGlobalSection
	GlobalSection(ProjectConfigurationPlatforms) = postSolution
		{09CDE4AD-38A9-467B-9B4D-2BC0941C0E28}.Debug|Any CPU.ActiveCfg = Debug|Any CPU
		{09CDE4AD-38A9-467B-9B4D-2BC0941C0E28}.Debug|Any CPU.Build.0 = Debug|Any CPU
		{09CDE4AD-38A9-467B-9B4D-2BC0941C0E28}.Release|Any CPU.ActiveCfg = Release|Any CPU
		{09CDE4AD-38A9-467B-9B4D-2BC0941C0E28}.Release|Any CPU.Build.0 = Release|Any CPU
		{A4672811-0872-4899-9101-11645F16078D}.Debug|Any CPU.ActiveCfg = Debug|Any CPU
		{A4672811-0872-4899-9101-11645F16078D}.Debug|Any CPU.Build.0 = Debug|Any CPU
		{A4672811-0872-4899-9101-11645F16078D}.Release|Any CPU.ActiveCfg = Release|Any CPU
		{A4672811-0872-4899-9101-11645F16078D}.Release|Any CPU.Build.0 = Release|Any CPU
	EndGlobalSection
	GlobalSection(SolutionProperties) = preSolution
		HideSolutionNode = FALSE
	EndGlobalSection
	GlobalSection(ExtensibilityGlobals) = postSolution
		SolutionGuid = {03119960-4438-4D8E-A6FB-5EA381538A10}
	EndGlobalSection
EndGlobal
